// !$*UTF8*$!
{
	archiveVersion = 1;
	classes = {
	};
	objectVersion = 50;
	objects = {

/* Begin PBXBuildFile section */
		BB3A89542482009F00140650 /* AppDelegate.swift in Sources */ = {isa = PBXBuildFile; fileRef = BB3A89532482009F00140650 /* AppDelegate.swift */; };
		BB3A89562482009F00140650 /* SceneDelegate.swift in Sources */ = {isa = PBXBuildFile; fileRef = BB3A89552482009F00140650 /* SceneDelegate.swift */; };
		BB3A89582482009F00140650 /* EmojiMemoryGameView.swift in Sources */ = {isa = PBXBuildFile; fileRef = BB3A89572482009F00140650 /* EmojiMemoryGameView.swift */; };
		BB3A895A248200A300140650 /* Assets.xcassets in Resources */ = {isa = PBXBuildFile; fileRef = BB3A8959248200A300140650 /* Assets.xcassets */; };
		BB3A895D248200A300140650 /* Preview Assets.xcassets in Resources */ = {isa = PBXBuildFile; fileRef = BB3A895C248200A300140650 /* Preview Assets.xcassets */; };
		BB3A8960248200A300140650 /* LaunchScreen.storyboard in Resources */ = {isa = PBXBuildFile; fileRef = BB3A895E248200A300140650 /* LaunchScreen.storyboard */; };
		BB3A896B248200A300140650 /* MemorizeTests.swift in Sources */ = {isa = PBXBuildFile; fileRef = BB3A896A248200A300140650 /* MemorizeTests.swift */; };
		BB3A8976248200A300140650 /* MemorizeUITests.swift in Sources */ = {isa = PBXBuildFile; fileRef = BB3A8975248200A300140650 /* MemorizeUITests.swift */; };
		BB3A89842484029200140650 /* MemoryGame.swift in Sources */ = {isa = PBXBuildFile; fileRef = BB3A89832484029200140650 /* MemoryGame.swift */; };
		BB3A898624840BE900140650 /* EmojiMemoryGame.swift in Sources */ = {isa = PBXBuildFile; fileRef = BB3A898524840BE800140650 /* EmojiMemoryGame.swift */; };
		BB7091F8248613B200B1D510 /* GridLayout.swift in Sources */ = {isa = PBXBuildFile; fileRef = BB7091F7248613B200B1D510 /* GridLayout.swift */; };
		BB7091FA2486147F00B1D510 /* Grid.swift in Sources */ = {isa = PBXBuildFile; fileRef = BB7091F92486147F00B1D510 /* Grid.swift */; };
		BB7091FC24861CEC00B1D510 /* Array+Identifiable.swift in Sources */ = {isa = PBXBuildFile; fileRef = BB7091FB24861CEC00B1D510 /* Array+Identifiable.swift */; };
		BB7091FE2486B49800B1D510 /* Array+Only.swift in Sources */ = {isa = PBXBuildFile; fileRef = BB7091FD2486B49800B1D510 /* Array+Only.swift */; };
		BB709200248D8D1D00B1D510 /* Pie.swift in Sources */ = {isa = PBXBuildFile; fileRef = BB7091FF248D8D1D00B1D510 /* Pie.swift */; };
		BB709204248D992700B1D510 /* Cardify.swift in Sources */ = {isa = PBXBuildFile; fileRef = BB709203248D992700B1D510 /* Cardify.swift */; };
/* End PBXBuildFile section */

/* Begin PBXContainerItemProxy section */
		BB3A8967248200A300140650 /* PBXContainerItemProxy */ = {
			isa = PBXContainerItemProxy;
			containerPortal = BB3A89482482009F00140650 /* Project object */;
			proxyType = 1;
			remoteGlobalIDString = BB3A894F2482009F00140650;
			remoteInfo = Memorize;
		};
		BB3A8972248200A300140650 /* PBXContainerItemProxy */ = {
			isa = PBXContainerItemProxy;
			containerPortal = BB3A89482482009F00140650 /* Project object */;
			proxyType = 1;
			remoteGlobalIDString = BB3A894F2482009F00140650;
			remoteInfo = Memorize;
		};
/* End PBXContainerItemProxy section */

/* Begin PBXFileReference section */
		BB3A89502482009F00140650 /* Memorize.app */ = {isa = PBXFileReference; explicitFileType = wrapper.application; includeInIndex = 0; path = Memorize.app; sourceTree = BUILT_PRODUCTS_DIR; };
		BB3A89532482009F00140650 /* AppDelegate.swift */ = {isa = PBXFileReference; lastKnownFileType = sourcecode.swift; path = AppDelegate.swift; sourceTree = "<group>"; };
		BB3A89552482009F00140650 /* SceneDelegate.swift */ = {isa = PBXFileReference; lastKnownFileType = sourcecode.swift; path = SceneDelegate.swift; sourceTree = "<group>"; };
		BB3A89572482009F00140650 /* EmojiMemoryGameView.swift */ = {isa = PBXFileReference; lastKnownFileType = sourcecode.swift; path = EmojiMemoryGameView.swift; sourceTree = "<group>"; };
		BB3A8959248200A300140650 /* Assets.xcassets */ = {isa = PBXFileReference; lastKnownFileType = folder.assetcatalog; path = Assets.xcassets; sourceTree = "<group>"; };
		BB3A895C248200A300140650 /* Preview Assets.xcassets */ = {isa = PBXFileReference; lastKnownFileType = folder.assetcatalog; path = "Preview Assets.xcassets"; sourceTree = "<group>"; };
		BB3A895F248200A300140650 /* Base */ = {isa = PBXFileReference; lastKnownFileType = file.storyboard; name = Base; path = Base.lproj/LaunchScreen.storyboard; sourceTree = "<group>"; };
		BB3A8961248200A300140650 /* Info.plist */ = {isa = PBXFileReference; lastKnownFileType = text.plist.xml; path = Info.plist; sourceTree = "<group>"; };
		BB3A8966248200A300140650 /* MemorizeTests.xctest */ = {isa = PBXFileReference; explicitFileType = wrapper.cfbundle; includeInIndex = 0; path = MemorizeTests.xctest; sourceTree = BUILT_PRODUCTS_DIR; };
		BB3A896A248200A300140650 /* MemorizeTests.swift */ = {isa = PBXFileReference; lastKnownFileType = sourcecode.swift; path = MemorizeTests.swift; sourceTree = "<group>"; };
		BB3A896C248200A300140650 /* Info.plist */ = {isa = PBXFileReference; lastKnownFileType = text.plist.xml; path = Info.plist; sourceTree = "<group>"; };
		BB3A8971248200A300140650 /* MemorizeUITests.xctest */ = {isa = PBXFileReference; explicitFileType = wrapper.cfbundle; includeInIndex = 0; path = MemorizeUITests.xctest; sourceTree = BUILT_PRODUCTS_DIR; };
		BB3A8975248200A300140650 /* MemorizeUITests.swift */ = {isa = PBXFileReference; lastKnownFileType = sourcecode.swift; path = MemorizeUITests.swift; sourceTree = "<group>"; };
		BB3A8977248200A300140650 /* Info.plist */ = {isa = PBXFileReference; lastKnownFileType = text.plist.xml; path = Info.plist; sourceTree = "<group>"; };
		BB3A89832484029200140650 /* MemoryGame.swift */ = {isa = PBXFileReference; lastKnownFileType = sourcecode.swift; path = MemoryGame.swift; sourceTree = SOURCE_ROOT; };
		BB3A898524840BE800140650 /* EmojiMemoryGame.swift */ = {isa = PBXFileReference; lastKnownFileType = sourcecode.swift; path = EmojiMemoryGame.swift; sourceTree = "<group>"; };
		BB7091F7248613B200B1D510 /* GridLayout.swift */ = {isa = PBXFileReference; fileEncoding = 4; lastKnownFileType = sourcecode.swift; name = GridLayout.swift; path = ../../../Downloads/GridLayout.swift; sourceTree = "<group>"; };
		BB7091F92486147F00B1D510 /* Grid.swift */ = {isa = PBXFileReference; lastKnownFileType = sourcecode.swift; path = Grid.swift; sourceTree = "<group>"; };
		BB7091FB24861CEC00B1D510 /* Array+Identifiable.swift */ = {isa = PBXFileReference; lastKnownFileType = sourcecode.swift; path = "Array+Identifiable.swift"; sourceTree = "<group>"; };
		BB7091FD2486B49800B1D510 /* Array+Only.swift */ = {isa = PBXFileReference; lastKnownFileType = sourcecode.swift; path = "Array+Only.swift"; sourceTree = "<group>"; };
		BB7091FF248D8D1D00B1D510 /* Pie.swift */ = {isa = PBXFileReference; lastKnownFileType = sourcecode.swift; path = Pie.swift; sourceTree = "<group>"; };
		BB709203248D992700B1D510 /* Cardify.swift */ = {isa = PBXFileReference; lastKnownFileType = sourcecode.swift; path = Cardify.swift; sourceTree = "<group>"; };
/* End PBXFileReference section */

/* Begin PBXFrameworksBuildPhase section */
		BB3A894D2482009F00140650 /* Frameworks */ = {
			isa = PBXFrameworksBuildPhase;
			buildActionMask = 2147483647;
			files = (
			);
			runOnlyForDeploymentPostprocessing = 0;
		};
		BB3A8963248200A300140650 /* Frameworks */ = {
			isa = PBXFrameworksBuildPhase;
			buildActionMask = 2147483647;
			files = (
			);
			runOnlyForDeploymentPostprocessing = 0;
		};
		BB3A896E248200A300140650 /* Frameworks */ = {
			isa = PBXFrameworksBuildPhase;
			buildActionMask = 2147483647;
			files = (
			);
			runOnlyForDeploymentPostprocessing = 0;
		};
/* End PBXFrameworksBuildPhase section */

/* Begin PBXGroup section */
		BB3A89472482009F00140650 = {
			isa = PBXGroup;
			children = (
				BB7091FD2486B49800B1D510 /* Array+Only.swift */,
				BB3A89522482009F00140650 /* Memorize */,
				BB3A8969248200A300140650 /* MemorizeTests */,
				BB3A8974248200A300140650 /* MemorizeUITests */,
				BB3A89512482009F00140650 /* Products */,
			);
			sourceTree = "<group>";
		};
		BB3A89512482009F00140650 /* Products */ = {
			isa = PBXGroup;
			children = (
				BB3A89502482009F00140650 /* Memorize.app */,
				BB3A8966248200A300140650 /* MemorizeTests.xctest */,
				BB3A8971248200A300140650 /* MemorizeUITests.xctest */,
			);
			name = Products;
			sourceTree = "<group>";
		};
		BB3A89522482009F00140650 /* Memorize */ = {
			isa = PBXGroup;
			children = (
				BB709203248D992700B1D510 /* Cardify.swift */,
				BB7091F7248613B200B1D510 /* GridLayout.swift */,
				BB3A89832484029200140650 /* MemoryGame.swift */,
				BB3A898524840BE800140650 /* EmojiMemoryGame.swift */,
				BB3A89572482009F00140650 /* EmojiMemoryGameView.swift */,
				BB7091FF248D8D1D00B1D510 /* Pie.swift */,
				BB7091F92486147F00B1D510 /* Grid.swift */,
				BB7091FB24861CEC00B1D510 /* Array+Identifiable.swift */,
				BB3A89532482009F00140650 /* AppDelegate.swift */,
				BB3A89552482009F00140650 /* SceneDelegate.swift */,
				BB3A8959248200A300140650 /* Assets.xcassets */,
				BB3A895E248200A300140650 /* LaunchScreen.storyboard */,
				BB3A8961248200A300140650 /* Info.plist */,
				BB3A895B248200A300140650 /* Preview Content */,
			);
			path = Memorize;
			sourceTree = "<group>";
		};
		BB3A895B248200A300140650 /* Preview Content */ = {
			isa = PBXGroup;
			children = (
				BB3A895C248200A300140650 /* Preview Assets.xcassets */,
			);
			path = "Preview Content";
			sourceTree = "<group>";
		};
		BB3A8969248200A300140650 /* MemorizeTests */ = {
			isa = PBXGroup;
			children = (
				BB3A896A248200A300140650 /* MemorizeTests.swift */,
				BB3A896C248200A300140650 /* Info.plist */,
			);
			path = MemorizeTests;
			sourceTree = "<group>";
		};
		BB3A8974248200A300140650 /* MemorizeUITests */ = {
			isa = PBXGroup;
			children = (
				BB3A8975248200A300140650 /* MemorizeUITests.swift */,
				BB3A8977248200A300140650 /* Info.plist */,
			);
			path = MemorizeUITests;
			sourceTree = "<group>";
		};
/* End PBXGroup section */

/* Begin PBXNativeTarget section */
		BB3A894F2482009F00140650 /* Memorize */ = {
			isa = PBXNativeTarget;
			buildConfigurationList = BB3A897A248200A300140650 /* Build configuration list for PBXNativeTarget "Memorize" */;
			buildPhases = (
				BB3A894C2482009F00140650 /* Sources */,
				BB3A894D2482009F00140650 /* Frameworks */,
				BB3A894E2482009F00140650 /* Resources */,
			);
			buildRules = (
			);
			dependencies = (
			);
			name = Memorize;
			productName = Memorize;
			productReference = BB3A89502482009F00140650 /* Memorize.app */;
			productType = "com.apple.product-type.application";
		};
		BB3A8965248200A300140650 /* MemorizeTests */ = {
			isa = PBXNativeTarget;
			buildConfigurationList = BB3A897D248200A300140650 /* Build configuration list for PBXNativeTarget "MemorizeTests" */;
			buildPhases = (
				BB3A8962248200A300140650 /* Sources */,
				BB3A8963248200A300140650 /* Frameworks */,
				BB3A8964248200A300140650 /* Resources */,
			);
			buildRules = (
			);
			dependencies = (
				BB3A8968248200A300140650 /* PBXTargetDependency */,
			);
			name = MemorizeTests;
			productName = MemorizeTests;
			productReference = BB3A8966248200A300140650 /* MemorizeTests.xctest */;
			productType = "com.apple.product-type.bundle.unit-test";
		};
		BB3A8970248200A300140650 /* MemorizeUITests */ = {
			isa = PBXNativeTarget;
			buildConfigurationList = BB3A8980248200A300140650 /* Build configuration list for PBXNativeTarget "MemorizeUITests" */;
			buildPhases = (
				BB3A896D248200A300140650 /* Sources */,
				BB3A896E248200A300140650 /* Frameworks */,
				BB3A896F248200A300140650 /* Resources */,
			);
			buildRules = (
			);
			dependencies = (
				BB3A8973248200A300140650 /* PBXTargetDependency */,
			);
			name = MemorizeUITests;
			productName = MemorizeUITests;
			productReference = BB3A8971248200A300140650 /* MemorizeUITests.xctest */;
			productType = "com.apple.product-type.bundle.ui-testing";
		};
/* End PBXNativeTarget section */

/* Begin PBXProject section */
		BB3A89482482009F00140650 /* Project object */ = {
			isa = PBXProject;
			attributes = {
				LastSwiftUpdateCheck = 1140;
				LastUpgradeCheck = 1140;
				ORGANIZATIONNAME = Nossyd;
				TargetAttributes = {
					BB3A894F2482009F00140650 = {
						CreatedOnToolsVersion = 11.4;
					};
					BB3A8965248200A300140650 = {
						CreatedOnToolsVersion = 11.4;
						TestTargetID = BB3A894F2482009F00140650;
					};
					BB3A8970248200A300140650 = {
						CreatedOnToolsVersion = 11.4;
						TestTargetID = BB3A894F2482009F00140650;
					};
				};
			};
			buildConfigurationList = BB3A894B2482009F00140650 /* Build configuration list for PBXProject "Memorize" */;
			compatibilityVersion = "Xcode 9.3";
			developmentRegion = en;
			hasScannedForEncodings = 0;
			knownRegions = (
				en,
				Base,
			);
			mainGroup = BB3A89472482009F00140650;
			productRefGroup = BB3A89512482009F00140650 /* Products */;
			projectDirPath = "";
			projectRoot = "";
			targets = (
				BB3A894F2482009F00140650 /* Memorize */,
				BB3A8965248200A300140650 /* MemorizeTests */,
				BB3A8970248200A300140650 /* MemorizeUITests */,
			);
		};
/* End PBXProject section */

/* Begin PBXResourcesBuildPhase section */
		BB3A894E2482009F00140650 /* Resources */ = {
			isa = PBXResourcesBuildPhase;
			buildActionMask = 2147483647;
			files = (
				BB3A8960248200A300140650 /* LaunchScreen.storyboard in Resources */,
				BB3A895D248200A300140650 /* Preview Assets.xcassets in Resources */,
				BB3A895A248200A300140650 /* Assets.xcassets in Resources */,
			);
			runOnlyForDeploymentPostprocessing = 0;
		};
		BB3A8964248200A300140650 /* Resources */ = {
			isa = PBXResourcesBuildPhase;
			buildActionMask = 2147483647;
			files = (
			);
			runOnlyForDeploymentPostprocessing = 0;
		};
		BB3A896F248200A300140650 /* Resources */ = {
			isa = PBXResourcesBuildPhase;
			buildActionMask = 2147483647;
			files = (
			);
			runOnlyForDeploymentPostprocessing = 0;
		};
/* End PBXResourcesBuildPhase section */

/* Begin PBXSourcesBuildPhase section */
		BB3A894C2482009F00140650 /* Sources */ = {
			isa = PBXSourcesBuildPhase;
			buildActionMask = 2147483647;
			files = (
				BB709200248D8D1D00B1D510 /* Pie.swift in Sources */,
				BB3A89842484029200140650 /* MemoryGame.swift in Sources */,
				BB3A89542482009F00140650 /* AppDelegate.swift in Sources */,
				BB3A89562482009F00140650 /* SceneDelegate.swift in Sources */,
				BB7091FE2486B49800B1D510 /* Array+Only.swift in Sources */,
				BB7091F8248613B200B1D510 /* GridLayout.swift in Sources */,
				BB3A89582482009F00140650 /* EmojiMemoryGameView.swift in Sources */,
				BB7091FC24861CEC00B1D510 /* Array+Identifiable.swift in Sources */,
				BB7091FA2486147F00B1D510 /* Grid.swift in Sources */,
				BB709204248D992700B1D510 /* Cardify.swift in Sources */,
				BB3A898624840BE900140650 /* EmojiMemoryGame.swift in Sources */,
			);
			runOnlyForDeploymentPostprocessing = 0;
		};
		BB3A8962248200A300140650 /* Sources */ = {
			isa = PBXSourcesBuildPhase;
			buildActionMask = 2147483647;
			files = (
				BB3A896B248200A300140650 /* MemorizeTests.swift in Sources */,
			);
			runOnlyForDeploymentPostprocessing = 0;
		};
		BB3A896D248200A300140650 /* Sources */ = {
			isa = PBXSourcesBuildPhase;
			buildActionMask = 2147483647;
			files = (
				BB3A8976248200A300140650 /* MemorizeUITests.swift in Sources */,
			);
			runOnlyForDeploymentPostprocessing = 0;
		};
/* End PBXSourcesBuildPhase section */

/* Begin PBXTargetDependency section */
		BB3A8968248200A300140650 /* PBXTargetDependency */ = {
			isa = PBXTargetDependency;
			target = BB3A894F2482009F00140650 /* Memorize */;
			targetProxy = BB3A8967248200A300140650 /* PBXContainerItemProxy */;
		};
		BB3A8973248200A300140650 /* PBXTargetDependency */ = {
			isa = PBXTargetDependency;
			target = BB3A894F2482009F00140650 /* Memorize */;
			targetProxy = BB3A8972248200A300140650 /* PBXContainerItemProxy */;
		};
/* End PBXTargetDependency section */

/* Begin PBXVariantGroup section */
		BB3A895E248200A300140650 /* LaunchScreen.storyboard */ = {
			isa = PBXVariantGroup;
			children = (
				BB3A895F248200A300140650 /* Base */,
			);
			name = LaunchScreen.storyboard;
			sourceTree = "<group>";
		};
/* End PBXVariantGroup section */

/* Begin XCBuildConfiguration section */
		BB3A8978248200A300140650 /* Debug */ = {
			isa = XCBuildConfiguration;
			buildSettings = {
				ALWAYS_SEARCH_USER_PATHS = NO;
				CLANG_ANALYZER_NONNULL = YES;
				CLANG_ANALYZER_NUMBER_OBJECT_CONVERSION = YES_AGGRESSIVE;
				CLANG_CXX_LANGUAGE_STANDARD = "gnu++14";
				CLANG_CXX_LIBRARY = "libc++";
				CLANG_ENABLE_MODULES = YES;
				CLANG_ENABLE_OBJC_ARC = YES;
				CLANG_ENABLE_OBJC_WEAK = YES;
				CLANG_WARN_BLOCK_CAPTURE_AUTORELEASING = YES;
				CLANG_WARN_BOOL_CONVERSION = YES;
				CLANG_WARN_COMMA = YES;
				CLANG_WARN_CONSTANT_CONVERSION = YES;
				CLANG_WARN_DEPRECATED_OBJC_IMPLEMENTATIONS = YES;
				CLANG_WARN_DIRECT_OBJC_ISA_USAGE = YES_ERROR;
				CLANG_WARN_DOCUMENTATION_COMMENTS = YES;
				CLANG_WARN_EMPTY_BODY = YES;
				CLANG_WARN_ENUM_CONVERSION = YES;
				CLANG_WARN_INFINITE_RECURSION = YES;
				CLANG_WARN_INT_CONVERSION = YES;
				CLANG_WARN_NON_LITERAL_NULL_CONVERSION = YES;
				CLANG_WARN_OBJC_IMPLICIT_RETAIN_SELF = YES;
				CLANG_WARN_OBJC_LITERAL_CONVERSION = YES;
				CLANG_WARN_OBJC_ROOT_CLASS = YES_ERROR;
				CLANG_WARN_RANGE_LOOP_ANALYSIS = YES;
				CLANG_WARN_STRICT_PROTOTYPES = YES;
				CLANG_WARN_SUSPICIOUS_MOVE = YES;
				CLANG_WARN_UNGUARDED_AVAILABILITY = YES_AGGRESSIVE;
				CLANG_WARN_UNREACHABLE_CODE = YES;
				CLANG_WARN__DUPLICATE_METHOD_MATCH = YES;
				COPY_PHASE_STRIP = NO;
				DEBUG_INFORMATION_FORMAT = dwarf;
				ENABLE_STRICT_OBJC_MSGSEND = YES;
				ENABLE_TESTABILITY = YES;
				GCC_C_LANGUAGE_STANDARD = gnu11;
				GCC_DYNAMIC_NO_PIC = NO;
				GCC_NO_COMMON_BLOCKS = YES;
				GCC_OPTIMIZATION_LEVEL = 0;
				GCC_PREPROCESSOR_DEFINITIONS = (
					"DEBUG=1",
					"$(inherited)",
				);
				GCC_WARN_64_TO_32_BIT_CONVERSION = YES;
				GCC_WARN_ABOUT_RETURN_TYPE = YES_ERROR;
				GCC_WARN_UNDECLARED_SELECTOR = YES;
				GCC_WARN_UNINITIALIZED_AUTOS = YES_AGGRESSIVE;
				GCC_WARN_UNUSED_FUNCTION = YES;
				GCC_WARN_UNUSED_VARIABLE = YES;
				IPHONEOS_DEPLOYMENT_TARGET = 13.4;
				MTL_ENABLE_DEBUG_INFO = INCLUDE_SOURCE;
				MTL_FAST_MATH = YES;
				ONLY_ACTIVE_ARCH = YES;
				SDKROOT = iphoneos;
				SWIFT_ACTIVE_COMPILATION_CONDITIONS = DEBUG;
				SWIFT_OPTIMIZATION_LEVEL = "-Onone";
			};
			name = Debug;
		};
		BB3A8979248200A300140650 /* Release */ = {
			isa = XCBuildConfiguration;
			buildSettings = {
				ALWAYS_SEARCH_USER_PATHS = NO;
				CLANG_ANALYZER_NONNULL = YES;
				CLANG_ANALYZER_NUMBER_OBJECT_CONVERSION = YES_AGGRESSIVE;
				CLANG_CXX_LANGUAGE_STANDARD = "gnu++14";
				CLANG_CXX_LIBRARY = "libc++";
				CLANG_ENABLE_MODULES = YES;
				CLANG_ENABLE_OBJC_ARC = YES;
				CLANG_ENABLE_OBJC_WEAK = YES;
				CLANG_WARN_BLOCK_CAPTURE_AUTORELEASING = YES;
				CLANG_WARN_BOOL_CONVERSION = YES;
				CLANG_WARN_COMMA = YES;
				CLANG_WARN_CONSTANT_CONVERSION = YES;
				CLANG_WARN_DEPRECATED_OBJC_IMPLEMENTATIONS = YES;
				CLANG_WARN_DIRECT_OBJC_ISA_USAGE = YES_ERROR;
				CLANG_WARN_DOCUMENTATION_COMMENTS = YES;
				CLANG_WARN_EMPTY_BODY = YES;
				CLANG_WARN_ENUM_CONVERSION = YES;
				CLANG_WARN_INFINITE_RECURSION = YES;
				CLANG_WARN_INT_CONVERSION = YES;
				CLANG_WARN_NON_LITERAL_NULL_CONVERSION = YES;
				CLANG_WARN_OBJC_IMPLICIT_RETAIN_SELF = YES;
				CLANG_WARN_OBJC_LITERAL_CONVERSION = YES;
				CLANG_WARN_OBJC_ROOT_CLASS = YES_ERROR;
				CLANG_WARN_RANGE_LOOP_ANALYSIS = YES;
				CLANG_WARN_STRICT_PROTOTYPES = YES;
				CLANG_WARN_SUSPICIOUS_MOVE = YES;
				CLANG_WARN_UNGUARDED_AVAILABILITY = YES_AGGRESSIVE;
				CLANG_WARN_UNREACHABLE_CODE = YES;
				CLANG_WARN__DUPLICATE_METHOD_MATCH = YES;
				COPY_PHASE_STRIP = NO;
				DEBUG_INFORMATION_FORMAT = "dwarf-with-dsym";
				ENABLE_NS_ASSERTIONS = NO;
				ENABLE_STRICT_OBJC_MSGSEND = YES;
				GCC_C_LANGUAGE_STANDARD = gnu11;
				GCC_NO_COMMON_BLOCKS = YES;
				GCC_WARN_64_TO_32_BIT_CONVERSION = YES;
				GCC_WARN_ABOUT_RETURN_TYPE = YES_ERROR;
				GCC_WARN_UNDECLARED_SELECTOR = YES;
				GCC_WARN_UNINITIALIZED_AUTOS = YES_AGGRESSIVE;
				GCC_WARN_UNUSED_FUNCTION = YES;
				GCC_WARN_UNUSED_VARIABLE = YES;
				IPHONEOS_DEPLOYMENT_TARGET = 13.4;
				MTL_ENABLE_DEBUG_INFO = NO;
				MTL_FAST_MATH = YES;
				SDKROOT = iphoneos;
				SWIFT_COMPILATION_MODE = wholemodule;
				SWIFT_OPTIMIZATION_LEVEL = "-O";
				VALIDATE_PRODUCT = YES;
			};
			name = Release;
		};
		BB3A897B248200A300140650 /* Debug */ = {
			isa = XCBuildConfiguration;
			buildSettings = {
				ASSETCATALOG_COMPILER_APPICON_NAME = AppIcon;
				CODE_SIGN_STYLE = Automatic;
				DEVELOPMENT_ASSET_PATHS = "\"Memorize/Preview Content\"";
				DEVELOPMENT_TEAM = 374L82FVG7;
				ENABLE_PREVIEWS = YES;
				INFOPLIST_FILE = Memorize/Info.plist;
				LD_RUNPATH_SEARCH_PATHS = (
					"$(inherited)",
					"@executable_path/Frameworks",
				);
				PRODUCT_BUNDLE_IDENTIFIER = com.nossyd.Memorize;
				PRODUCT_NAME = "$(TARGET_NAME)";
				SWIFT_VERSION = 5.0;
				TARGETED_DEVICE_FAMILY = "1,2";
			};
			name = Debug;
		};
		BB3A897C248200A300140650 /* Release */ = {
			isa = XCBuildConfiguration;
			buildSettings = {
				ASSETCATALOG_COMPILER_APPICON_NAME = AppIcon;
				CODE_SIGN_STYLE = Automatic;
				DEVELOPMENT_ASSET_PATHS = "\"Memorize/Preview Content\"";
				DEVELOPMENT_TEAM = 374L82FVG7;
				ENABLE_PREVIEWS = YES;
				INFOPLIST_FILE = Memorize/Info.plist;
				LD_RUNPATH_SEARCH_PATHS = (
					"$(inherited)",
					"@executable_path/Frameworks",
				);
				PRODUCT_BUNDLE_IDENTIFIER = com.nossyd.Memorize;
				PRODUCT_NAME = "$(TARGET_NAME)";
				SWIFT_VERSION = 5.0;
				TARGETED_DEVICE_FAMILY = "1,2";
			};
			name = Release;
		};
		BB3A897E248200A300140650 /* Debug */ = {
			isa = XCBuildConfiguration;
			buildSettings = {
				ALWAYS_EMBED_SWIFT_STANDARD_LIBRARIES = YES;
				BUNDLE_LOADER = "$(TEST_HOST)";
				CODE_SIGN_STYLE = Automatic;
				DEVELOPMENT_TEAM = 374L82FVG7;
				INFOPLIST_FILE = MemorizeTests/Info.plist;
				IPHONEOS_DEPLOYMENT_TARGET = 13.4;
				LD_RUNPATH_SEARCH_PATHS = (
					"$(inherited)",
					"@executable_path/Frameworks",
					"@loader_path/Frameworks",
				);
				PRODUCT_BUNDLE_IDENTIFIER = com.nossyd.MemorizeTests;
				PRODUCT_NAME = "$(TARGET_NAME)";
				SWIFT_VERSION = 5.0;
				TARGETED_DEVICE_FAMILY = "1,2";
				TEST_HOST = "$(BUILT_PRODUCTS_DIR)/Memorize.app/Memorize";
			};
			name = Debug;
		};
		BB3A897F248200A300140650 /* Release */ = {
			isa = XCBuildConfiguration;
			buildSettings = {
				ALWAYS_EMBED_SWIFT_STANDARD_LIBRARIES = YES;
				BUNDLE_LOADER = "$(TEST_HOST)";
				CODE_SIGN_STYLE = Automatic;
				DEVELOPMENT_TEAM = 374L82FVG7;
				INFOPLIST_FILE = MemorizeTests/Info.plist;
				IPHONEOS_DEPLOYMENT_TARGET = 13.4;
				LD_RUNPATH_SEARCH_PATHS = (
					"$(inherited)",
					"@executable_path/Frameworks",
					"@loader_path/Frameworks",
				);
				PRODUCT_BUNDLE_IDENTIFIER = com.nossyd.MemorizeTests;
				PRODUCT_NAME = "$(TARGET_NAME)";
				SWIFT_VERSION = 5.0;
				TARGETED_DEVICE_FAMILY = "1,2";
				TEST_HOST = "$(BUILT_PRODUCTS_DIR)/Memorize.app/Memorize";
			};
			name = Release;
		};
		BB3A8981248200A300140650 /* Debug */ = {
			isa = XCBuildConfiguration;
			buildSettings = {
				ALWAYS_EMBED_SWIFT_STANDARD_LIBRARIES = YES;
				CODE_SIGN_STYLE = Automatic;
				DEVELOPMENT_TEAM = 374L82FVG7;
				INFOPLIST_FILE = MemorizeUITests/Info.plist;
				LD_RUNPATH_SEARCH_PATHS = (
					"$(inherited)",
					"@executable_path/Frameworks",
					"@loader_path/Frameworks",
				);
				PRODUCT_BUNDLE_IDENTIFIER = com.nossyd.MemorizeUITests;
				PRODUCT_NAME = "$(TARGET_NAME)";
				SWIFT_VERSION = 5.0;
				TARGETED_DEVICE_FAMILY = "1,2";
				TEST_TARGET_NAME = Memorize;
			};
			name = Debug;
		};
		BB3A8982248200A300140650 /* Release */ = {
			isa = XCBuildConfiguration;
			buildSettings = {
				ALWAYS_EMBED_SWIFT_STANDARD_LIBRARIES = YES;
				CODE_SIGN_STYLE = Automatic;
				DEVELOPMENT_TEAM = 374L82FVG7;
				INFOPLIST_FILE = MemorizeUITests/Info.plist;
				LD_RUNPATH_SEARCH_PATHS = (
					"$(inherited)",
					"@executable_path/Frameworks",
					"@loader_path/Frameworks",
				);
				PRODUCT_BUNDLE_IDENTIFIER = com.nossyd.MemorizeUITests;
				PRODUCT_NAME = "$(TARGET_NAME)";
				SWIFT_VERSION = 5.0;
				TARGETED_DEVICE_FAMILY = "1,2";
				TEST_TARGET_NAME = Memorize;
			};
			name = Release;
		};
/* End XCBuildConfiguration section */

/* Begin XCConfigurationList section */
		BB3A894B2482009F00140650 /* Build configuration list for PBXProject "Memorize" */ = {
			isa = XCConfigurationList;
			buildConfigurations = (
				BB3A8978248200A300140650 /* Debug */,
				BB3A8979248200A300140650 /* Release */,
			);
			defaultConfigurationIsVisible = 0;
			defaultConfigurationName = Release;
		};
		BB3A897A248200A300140650 /* Build configuration list for PBXNativeTarget "Memorize" */ = {
			isa = XCConfigurationList;
			buildConfigurations = (
				BB3A897B248200A300140650 /* Debug */,
				BB3A897C248200A300140650 /* Release */,
			);
			defaultConfigurationIsVisible = 0;
			defaultConfigurationName = Release;
		};
		BB3A897D248200A300140650 /* Build configuration list for PBXNativeTarget "MemorizeTests" */ = {
			isa = XCConfigurationList;
			buildConfigurations = (
				BB3A897E248200A300140650 /* Debug */,
				BB3A897F248200A300140650 /* Release */,
			);
			defaultConfigurationIsVisible = 0;
			defaultConfigurationName = Release;
		};
		BB3A8980248200A300140650 /* Build configuration list for PBXNativeTarget "MemorizeUITests" */ = {
			isa = XCConfigurationList;
			buildConfigurations = (
				BB3A8981248200A300140650 /* Debug */,
				BB3A8982248200A300140650 /* Release */,
			);
			defaultConfigurationIsVisible = 0;
			defaultConfigurationName = Release;
		};
/* End XCConfigurationList section */
	};
	rootObject = BB3A89482482009F00140650 /* Project object */;
}
